
Microsoft Visual Studio Solution File, Format Version 12.00
# Visual Studio 14
VisualStudioVersion = 14.0.25123.0
MinimumVisualStudioVersion = 10.0.40219.1
Project("{2150E333-8FDC-42A3-9474-1A3956D46DE8}") = ".nuget", ".nuget", "{FDCCC300-523A-47A2-ADEA-D07E591DC67A}"
	ProjectSection(SolutionItems) = preProject
		.nuget\packages.config = .nuget\packages.config
	EndProjectSection
EndProject
Project("{F2A71F9B-5D33-465A-A702-920D77279786}") = "Application", "Application\Application.fsproj", "{30597BE9-08F8-4832-8AB7-009C00A6A2F2}"
EndProject
Project("{F2A71F9B-5D33-465A-A702-920D77279786}") = "Example1.Events", "Example1.Events\Example1.Events.fsproj", "{E7D0F43A-5C83-4C3A-B711-C8BDE9A635CF}"
EndProject
Project("{F2A71F9B-5D33-465A-A702-920D77279786}") = "Example2.Observables", "Example2.Observables\Example2.Observables.fsproj", "{91DF32CD-47AD-4FCD-A7A9-7E34AAD9E36A}"
EndProject
Project("{F2A71F9B-5D33-465A-A702-920D77279786}") = "Example3.Stores", "Example3.Stores\Example3.Stores.fsproj", "{57A7E114-6F43-4F75-969C-9072CD2A0427}"
EndProject
Project("{F2A71F9B-5D33-465A-A702-920D77279786}") = "Example4.Actions", "Example4.Actions\Example4.Actions.fsproj", "{2563C683-3902-4FE8-851F-65B2E3CB23D4}"
EndProject
Global
	GlobalSection(SolutionConfigurationPlatforms) = preSolution
		Debug|x86 = Debug|x86
		Release|x86 = Release|x86
	EndGlobalSection
	GlobalSection(ProjectConfigurationPlatforms) = postSolution
		{30597BE9-08F8-4832-8AB7-009C00A6A2F2}.Debug|x86.ActiveCfg = Debug|x86
		{30597BE9-08F8-4832-8AB7-009C00A6A2F2}.Debug|x86.Build.0 = Debug|x86
		{30597BE9-08F8-4832-8AB7-009C00A6A2F2}.Release|x86.ActiveCfg = Release|x86
		{30597BE9-08F8-4832-8AB7-009C00A6A2F2}.Release|x86.Build.0 = Release|x86
		{E7D0F43A-5C83-4C3A-B711-C8BDE9A635CF}.Debug|x86.ActiveCfg = Debug|x86
		{E7D0F43A-5C83-4C3A-B711-C8BDE9A635CF}.Debug|x86.Build.0 = Debug|x86
		{E7D0F43A-5C83-4C3A-B711-C8BDE9A635CF}.Release|x86.ActiveCfg = Release|x86
		{E7D0F43A-5C83-4C3A-B711-C8BDE9A635CF}.Release|x86.Build.0 = Release|x86
		{91DF32CD-47AD-4FCD-A7A9-7E34AAD9E36A}.Debug|x86.ActiveCfg = Debug|x86
		{91DF32CD-47AD-4FCD-A7A9-7E34AAD9E36A}.Debug|x86.Build.0 = Debug|x86
		{91DF32CD-47AD-4FCD-A7A9-7E34AAD9E36A}.Release|x86.ActiveCfg = Release|x86
		{91DF32CD-47AD-4FCD-A7A9-7E34AAD9E36A}.Release|x86.Build.0 = Release|x86
		{57A7E114-6F43-4F75-969C-9072CD2A0427}.Debug|x86.ActiveCfg = Debug|x86
		{57A7E114-6F43-4F75-969C-9072CD2A0427}.Debug|x86.Build.0 = Debug|x86
		{57A7E114-6F43-4F75-969C-9072CD2A0427}.Release|x86.ActiveCfg = Release|x86
		{57A7E114-6F43-4F75-969C-9072CD2A0427}.Release|x86.Build.0 = Release|x86
		{2563C683-3902-4FE8-851F-65B2E3CB23D4}.Debug|x86.ActiveCfg = Debug|x86
		{2563C683-3902-4FE8-851F-65B2E3CB23D4}.Debug|x86.Build.0 = Debug|x86
		{2563C683-3902-4FE8-851F-65B2E3CB23D4}.Release|x86.ActiveCfg = Release|x86
		{2563C683-3902-4FE8-851F-65B2E3CB23D4}.Release|x86.Build.0 = Release|x86
	EndGlobalSection
	GlobalSection(SolutionProperties) = preSolution
		HideSolutionNode = FALSE
	EndGlobalSection
EndGlobal
